github.com/babashka/pod-babashka-fswatcher v0.0.2 h1:Voo/lIO7awMwL2X7YHjpcJQa76E4WRHrN7b06OoQF3I=
github.com/babashka/pod-babashka-fswatcher v0.0.2/go.mod h1:fsiTVpGHCNNGkz5Y3ZjwT4gzH7eu1jc6i4uFPva4HkI=
github.com/fsnotify/fsnotify v1.4.9 h1:hsms1Qyu0jgnwNXIxa+/V/PDsU6CfLf6CNO8H7IWoS4=
github.com/fsnotify/fsnotify v1.4.9/go.mod h1:znqG4EE+3YCdAaPaxE2ZRY/06pZUdp0tY4IgpuI1SZQ=
github.com/google/uuid v1.0.0 h1:b4Gk+7WdP/d3HZH8EJsZpvV7EtDOgaZLtnaNGIu1adA=
github.com/google/uuid v1.0.0/go.mod h1:TIyPZe4MgqvfeYDBFedMoGGpEw/LqOeaOT+nhxU+yHo=
github.com/jackpal/bencode-go v1.0.0 h1:lzbSPPqqSfWQnqVNe/BBY1NXdDpncArxShL10+fmFus=
github.com/jackpal/bencode-go v1.0.0/go.mod h1:5FSBQ74yhCl5oQ+QxRPYzWMONFnxbL68/23eezsBI5c=
github.com/mattn/go-sqlite3 v1.14.6 h1:dNPt6NO46WmLVt2DLNpwczCmdV5boIZ6g/tlDrlRUbg=
github.com/mattn/go-sqlite3 v1.14.6/go.mod h1:NyWgC/yNuGj7Q9rpYnZvas74GogHl5/Z4A/KQRfk6bU=
github.com/pborman/uuid v1.2.1 h1:+ZZIw58t/ozdjRaXh/3awHfmWRbzYxJoAdNJxe/3pvw=
github.com/pborman/uuid v1.2.1/go.mod h1:X/NO0urCmaxf9VXbdlT7C2Yzkj2IKimNn4k+gtPdI/k=
github.com/russolsen/ohyeah v0.0.0-20160324131710-f4938c005315 h1:H3hCXwP92pH/hSgNrCLtjxvsKJ50sq26nICbZuoR1tQ=
github.com/russolsen/ohyeah v0.0.0-20160324131710-f4938c005315/go.mod h1:ZbKa3zlLnhGF1dAeJtMSoNtM5LgFQnqzq8eYH3uYYkU=
github.com/russolsen/same v0.0.0-20160222130632-f089df61f51d h1:A926QrjwToaPS7giC4UOBjHhdukq9l1Y15r3qkXYwCY=
github.com/russolsen/same v0.0.0-20160222130632-f089df61f51d/go.mod h1:Cpq811GTlHevuU6BZxk3ObOdK8AY5gHu9QGmDak0DT4=
github.com/russolsen/transit v0.0.0-20180705123435-0794b4c4505a h1:yVNJFSzkEG8smsvd9udiQcMJA0MIsFvlG7ba314cu+s=
github.com/russolsen/transit v0.0.0-20180705123435-0794b4c4505a/go.mod h1:TPq+fcJOdGrkpZpXF4UVmFjYxH0gGqnxdgZ+OzAmvJk=
github.com/shopspring/decimal v1.2.0 h1:abSATXmQEYyShuxI4/vyW3tV1MrKAJzCZ/0zLUXYbsQ=
github.com/shopspring/decimal v1.2.0/go.mod h1:DKyhrW/HYNuLGql+MJL6WCR6knT2jwCFRcu2hWCYk4o=
golang.org/x/sys v0.0.0-20191005200804-aed5e4c7ecf9/go.mod h1:h1NjWce9XRLGQEsW7wpKNCjG9DtNlClVuFLEZdDNbEs=
golang.org/x/sys v0.0.0-20201223074533-0d417f636930 h1:vRgIt+nup/B/BwIS0g2oC0haq0iqbV3ZA+u6+0TlNCo=
golang.org/x/sys v0.0.0-20201223074533-0d417f636930/go.mod h1:h1NjWce9XRLGQEsW7wpKNCjG9DtNlClVuFLEZdDNbEs=
